
Microsoft Visual Studio Solution File, Format Version 12.00
# Visual Studio Version 16
VisualStudioVersion = 16.0.29613.14
MinimumVisualStudioVersion = 10.0.40219.1
Project("{FAE04EC0-301F-11D3-BF4B-00C04F79EFBC}") = "Platform", "Platform\Platform.csproj", "{3948AB21-AA2B-4ABF-BE05-F84C0D06C3EE}"
EndProject
Global
	GlobalSection(SolutionConfigurationPlatforms) = preSolution
		Debug|Any CPU = Debug|Any CPU
		Release|Any CPU = Release|Any CPU
	EndGlobalSection
	GlobalSection(ProjectConfigurationPlatforms) = postSolution
		{3948AB21-AA2B-4ABF-BE05-F84C0D06C3EE}.Debug|Any CPU.ActiveCfg = Debug|Any CPU
		{3948AB21-AA2B-4ABF-BE05-F84C0D06C3EE}.Debug|Any CPU.Build.0 = Debug|Any CPU
		{3948AB21-AA2B-4ABF-BE05-F84C0D06C3EE}.Release|Any CPU.ActiveCfg = Release|Any CPU
		{3948AB21-AA2B-4ABF-BE05-F84C0D06C3EE}.Release|Any CPU.Build.0 = Release|Any CPU
	EndGlobalSection
	GlobalSection(SolutionProperties) = preSolution
		HideSolutionNode = FALSE
	EndGlobalSection
	GlobalSection(ExtensibilityGlobals) = postSolution
		SolutionGuid = {691D601F-C753-4BCE-BCA0-BC9062BA5BD5}
	EndGlobalSection
EndGlobal
